
Microsoft Visual Studio Solution File, Format Version 12.00
# Visual Studio 2012
Project("{FAE04EC0-301F-11D3-BF4B-00C04F79EFBC}") = "油建公司相册", "油建公司相册\油建公司相册.csproj", "{5DD25137-F93B-4324-913A-3EF0AAE92090}"
EndProject
Global
	GlobalSection(SolutionConfigurationPlatforms) = preSolution
		Debug|Any CPU = Debug|Any CPU
		Release|Any CPU = Release|Any CPU
	EndGlobalSection
	GlobalSection(ProjectConfigurationPlatforms) = postSolution
		{5DD25137-F93B-4324-913A-3EF0AAE92090}.Debug|Any CPU.ActiveCfg = Debug|Any CPU
		{5DD25137-F93B-4324-913A-3EF0AAE92090}.Debug|Any CPU.Build.0 = Debug|Any CPU
		{5DD25137-F93B-4324-913A-3EF0AAE92090}.Release|Any CPU.ActiveCfg = Release|Any CPU
		{5DD25137-F93B-4324-913A-3EF0AAE92090}.Release|Any CPU.Build.0 = Release|Any CPU
	EndGlobalSection
	GlobalSection(SolutionProperties) = preSolution
		HideSolutionNode = FALSE
	EndGlobalSection
EndGlobal
